
Microsoft Visual Studio Solution File, Format Version 12.00
# Visual Studio Version 16
VisualStudioVersion = 16.0.31402.337
MinimumVisualStudioVersion = 10.0.40219.1
Project("{FAE04EC0-301F-11D3-BF4B-00C04F79EFBC}") = "4sem_oop_lab1", "4sem_oop_lab1\4sem_oop_lab1.csproj", "{542CEDAA-E065-4EBB-ACB3-B499D786FDB5}"
EndProject
Project("{FAE04EC0-301F-11D3-BF4B-00C04F79EFBC}") = "Server", "Server\Server.csproj", "{552B5790-AD6D-43B6-A545-D31CA450B4F1}"
EndProject
Global
	GlobalSection(SolutionConfigurationPlatforms) = preSolution
		Debug|Any CPU = Debug|Any CPU
		Release|Any CPU = Release|Any CPU
	EndGlobalSection
	GlobalSection(ProjectConfigurationPlatforms) = postSolution
		{542CEDAA-E065-4EBB-ACB3-B499D786FDB5}.Debug|Any CPU.ActiveCfg = Debug|Any CPU
		{542CEDAA-E065-4EBB-ACB3-B499D786FDB5}.Debug|Any CPU.Build.0 = Debug|Any CPU
		{542CEDAA-E065-4EBB-ACB3-B499D786FDB5}.Release|Any CPU.ActiveCfg = Release|Any CPU
		{542CEDAA-E065-4EBB-ACB3-B499D786FDB5}.Release|Any CPU.Build.0 = Release|Any CPU
		{552B5790-AD6D-43B6-A545-D31CA450B4F1}.Debug|Any CPU.ActiveCfg = Debug|Any CPU
		{552B5790-AD6D-43B6-A545-D31CA450B4F1}.Debug|Any CPU.Build.0 = Debug|Any CPU
		{552B5790-AD6D-43B6-A545-D31CA450B4F1}.Release|Any CPU.ActiveCfg = Release|Any CPU
		{552B5790-AD6D-43B6-A545-D31CA450B4F1}.Release|Any CPU.Build.0 = Release|Any CPU
	EndGlobalSection
	GlobalSection(SolutionProperties) = preSolution
		HideSolutionNode = FALSE
	EndGlobalSection
	GlobalSection(ExtensibilityGlobals) = postSolution
		SolutionGuid = {C40205DF-CE63-4404-AB11-1C8B2D52FC9B}
	EndGlobalSection
EndGlobal
